
Microsoft Visual Studio Solution File, Format Version 11.00
# Visual Studio Version 17

Project("{8BC9CEB8-8B4A-11D0-8D11-00A0C91BC942}") = "clarinetPlugin - VST3", "clarinetPlugin_VST3.vcxproj", "{903F3F6A-0C57-9FEB-C543-BE6C6AD69E46}"
	ProjectSection(ProjectDependencies) = postProject
		{6F30291B-9BBA-D34A-C5F9-ED78A4961608} = {6F30291B-9BBA-D34A-C5F9-ED78A4961608}
	EndProjectSection
EndProject
Project("{8BC9CEB8-8B4A-11D0-8D11-00A0C91BC942}") = "clarinetPlugin - Shared Code", "clarinetPlugin_SharedCode.vcxproj", "{6F30291B-9BBA-D34A-C5F9-ED78A4961608}"
EndProject
Global
	GlobalSection(SolutionConfigurationPlatforms) = preSolution
		Debug|x64 = Debug|x64
		Release|x64 = Release|x64
	EndGlobalSection
	GlobalSection(ProjectConfigurationPlatforms) = postSolution
		{903F3F6A-0C57-9FEB-C543-BE6C6AD69E46}.Debug|x64.ActiveCfg = Debug|x64
		{903F3F6A-0C57-9FEB-C543-BE6C6AD69E46}.Debug|x64.Build.0 = Debug|x64
		{903F3F6A-0C57-9FEB-C543-BE6C6AD69E46}.Release|x64.ActiveCfg = Release|x64
		{903F3F6A-0C57-9FEB-C543-BE6C6AD69E46}.Release|x64.Build.0 = Release|x64
		{6F30291B-9BBA-D34A-C5F9-ED78A4961608}.Debug|x64.ActiveCfg = Debug|x64
		{6F30291B-9BBA-D34A-C5F9-ED78A4961608}.Debug|x64.Build.0 = Debug|x64
		{6F30291B-9BBA-D34A-C5F9-ED78A4961608}.Release|x64.ActiveCfg = Release|x64
		{6F30291B-9BBA-D34A-C5F9-ED78A4961608}.Release|x64.Build.0 = Release|x64
	EndGlobalSection
	GlobalSection(SolutionProperties) = preSolution
		HideSolutionNode = FALSE
	EndGlobalSection
EndGlobal
