// !$*UTF8*$!
{
	archiveVersion = 1;
	classes = {
	};
	objectVersion = 46;
	objects = {

/* Begin PBXAggregateTarget section */
		C61103D7ADCCBDEAFD7563C6 /* clarinetPlugin - All */ = {
			isa = PBXAggregateTarget;
			buildConfigurationList = A57795B4566F2321B1354C44;
			buildPhases = (
			);
			dependencies = (
				C04B51C9C2D8EF5A91B47613,
				FD320C5EFEF11A0344C31C51,
				C128FF3791577AD65695B915,
				DEDC62497BD34F0353E196DE,
			);
			name = "clarinetPlugin - All";
			productName = clarinetPlugin;
		};
/* End PBXAggregateTarget section */

/* Begin PBXBuildFile section */
		0188223AC8174B442E29E2B6 /* include_juce_audio_processors.mm */ = {isa = PBXBuildFile; fileRef = 365A7701CB19E2A0F0B5A970; };
		023D16507BCFD45414D0D1F0 /* include_juce_audio_formats.mm */ = {isa = PBXBuildFile; fileRef = 3F23FDC36CFE3B98DE899B47; };
		05C487799EB45D2440A0EB6A /* IOKit.framework */ = {isa = PBXBuildFile; fileRef = 7A9D759A47B0CD14E6046B51; };
		068AD4C50AAABBACB84CF056 /* CoreAudio.framework */ = {isa = PBXBuildFile; fileRef = DF45B28863ACE46010DFC26A; };
		10189DAE53A3B0BA437EC7D7 /* AudioUnit.framework */ = {isa = PBXBuildFile; fileRef = 6CA7583493BFFDEE5D124837; };
		13D2C21136CC4DABE55A1D90 /* PluginProcessor.cpp */ = {isa = PBXBuildFile; fileRef = 8B9429CB524B0FBD438AC397; };
		14EFF927AB562A4CDAB19FE7 /* include_juce_audio_plugin_client_AU_2.mm */ = {isa = PBXBuildFile; fileRef = 572B0710727AE19FDF2906AF; };
		15CB74EA440E68796BC0996D /* Shared Code */ = {isa = PBXBuildFile; fileRef = 8A87D46A86A086AD2327C114; };
		1E46E9C51F67AEB5C89FB074 /* VST3 */ = {isa = PBXBuildFile; fileRef = 1CAA1F83FA427FEFA16792C8; };
		268A6BE0DDF3A2BEDD35B4FE /* clarinetMIDI.cpp */ = {isa = PBXBuildFile; fileRef = 773D46EFDABA106D972777C5; };
		2BFA2169648F0ACDCA4444B0 /* AU */ = {isa = PBXBuildFile; fileRef = 2152EC365954AE1A28C71A72; };
		364D46BF94D766CA29E3305E /* CoreAudioKit.framework */ = {isa = PBXBuildFile; fileRef = 6D7D9CF893EAB99D47CC9A03; };
		3B21A04BBFB1C06EB8DB472E /* include_juce_audio_plugin_client_utils.cpp */ = {isa = PBXBuildFile; fileRef = 01EDEC08FE0E6B5C560CA3C8; };
		42EB3EB75D25824622C19BBB /* include_juce_core.mm */ = {isa = PBXBuildFile; fileRef = DE92635CEC9C13293C083169; };
		43177999EBB9D4E8E18B95DE /* Cocoa.framework */ = {isa = PBXBuildFile; fileRef = 190F216ED6226FC736F3A3EC; };
		44648944866BBD8FDA97AB09 /* RecentFilesMenuTemplate.nib */ = {isa = PBXBuildFile; fileRef = 3B9A16F7CD9250119F24A0F5; };
		469D279CB80BF9A1EE55F068 /* include_juce_audio_plugin_client_AUv3.mm */ = {isa = PBXBuildFile; fileRef = B8DF3BD54F6BE6E6A3F8ADF0; };
		47588DBDB796D7CACEA84564 /* include_juce_audio_basics.mm */ = {isa = PBXBuildFile; fileRef = 23263B928007AF934773B86C; };
		55D228E95093EA7F7DB7FB53 /* BinaryData.cpp */ = {isa = PBXBuildFile; fileRef = 6A86AA6C8917F8A5C4119922; };
		63B348859B540E701975A819 /* DiscRecording.framework */ = {isa = PBXBuildFile; fileRef = FAD848A2736044BB9EF72125; };
		651550EB03CA5A7146667984 /* include_juce_audio_utils.mm */ = {isa = PBXBuildFile; fileRef = 9EABB8DE1458462E2F1B7322; };
		76A2609453053A0A072CF80D /* include_juce_graphics.mm */ = {isa = PBXBuildFile; fileRef = FDB0EAEC3A263F8B58877BC6; };
		7BC41D9CD293D6E131F35E48 /* include_juce_audio_plugin_client_VST_utils.mm */ = {isa = PBXBuildFile; fileRef = 0A0771B1BE6715A61D351692; };
		7DE730EA91BABB6E7BD2F6F7 /* Foundation.framework */ = {isa = PBXBuildFile; fileRef = BE7A5C64F5C70DAAA71A948E; };
		8D486BA5E4857160933D8D01 /* include_juce_data_structures.mm */ = {isa = PBXBuildFile; fileRef = 71D707413FF23047C9DDBC51; };
		9F1F820B9B0B883C00E3FCA8 /* include_juce_gui_extra.mm */ = {isa = PBXBuildFile; fileRef = 6BC6C8B0FF6A561499AA6DB4; };
		A43676AE79A4AE035363CC65 /* DspFaust.cpp */ = {isa = PBXBuildFile; fileRef = C28D76357C8C63570DD227F5; };
		A545E2125190677ED22529FB /* WebKit.framework */ = {isa = PBXBuildFile; fileRef = E37E33C09F4C1A11A4371066; };
		A818EE42F78616410D08D228 /* AUv3 AppExtension */ = {isa = PBXBuildFile; fileRef = D27AF0CE20C2BE847295DC26; };
		B1C238F9F0E1012B979F22A5 /* include_juce_audio_plugin_client_AU_1.mm */ = {isa = PBXBuildFile; fileRef = A94CCC492B685EFE200364A9; };
		B67DC29A7497432A9ED4D709 /* include_juce_audio_devices.mm */ = {isa = PBXBuildFile; fileRef = 935C63501740EE4D39FDCD18; };
		B9C6F6ABDA4C0F5D3E1B8508 /* Carbon.framework */ = {isa = PBXBuildFile; fileRef = 49A50F48A9CB4A5F93928A93; };
		BB28CD7C99603EB3BEC41B92 /* AVFoundation.framework */ = {isa = PBXBuildFile; fileRef = 415963343F60679CF3574B12; };
		BD3E676C862B131CCD0FE6B0 /* QuartzCore.framework */ = {isa = PBXBuildFile; fileRef = 72129E9F5328D5D521011563; };
		BE98182B909747D1DCF41F39 /* include_juce_gui_basics.mm */ = {isa = PBXBuildFile; fileRef = F73F996398EF89DA285E7836; };
		C3A786A73CEB15E0BDCCD040 /* include_juce_audio_plugin_client_AU.r */ = {isa = PBXBuildFile; fileRef = 31E932617D43E86AC39FFAB2; };
		C985DB4A963F19E5F96EBD5D /* include_juce_audio_plugin_client_VST3.cpp */ = {isa = PBXBuildFile; fileRef = 656E3BE931AE872D9BD64183; };
		DA6C713D9A3B99B3B7F61F38 /* AudioToolbox.framework */ = {isa = PBXBuildFile; fileRef = EE9DB432EBE7D088DB084E18; };
		DE13AEDE6C92CC999DC7ED0C /* PluginEditor.cpp */ = {isa = PBXBuildFile; fileRef = E4BF4FBF3A284DF912B35D0B; };
		F1C60323A8F6FD4BBCCE6FEB /* CoreMIDI.framework */ = {isa = PBXBuildFile; fileRef = 8C3DC35C65116435C17CF6EC; };
		F8F5563555BAF8838827B6BE /* Accelerate.framework */ = {isa = PBXBuildFile; fileRef = 19A60C5E43358F49A82567B0; };
		FA174C16F5C79F4A99CA09EA /* include_juce_events.mm */ = {isa = PBXBuildFile; fileRef = C09BAC459A33DF465CC57E03; };
/* End PBXBuildFile section */

/* Begin PBXFileReference section */
		01EDEC08FE0E6B5C560CA3C8 /* include_juce_audio_plugin_client_utils.cpp */ /* include_juce_audio_plugin_client_utils.cpp */ = {isa = PBXFileReference; lastKnownFileType = sourcecode.cpp.cpp; name = include_juce_audio_plugin_client_utils.cpp; path = ../../JuceLibraryCode/include_juce_audio_plugin_client_utils.cpp; sourceTree = SOURCE_ROOT; };
		03451DE46AFA477C2875030E /* Info-AU.plist */ /* Info-AU.plist */ = {isa = PBXFileReference; lastKnownFileType = text.plist.xml; name = "Info-AU.plist"; path = "Info-AU.plist"; sourceTree = SOURCE_ROOT; };
		0858A39C60A5933309BD677A /* AUv3_AppExtension.entitlements */ /* AUv3_AppExtension.entitlements */ = {isa = PBXFileReference; lastKnownFileType = text.plist.xml; name = AUv3_AppExtension.entitlements; path = AUv3_AppExtension.entitlements; sourceTree = SOURCE_ROOT; };
		0A0771B1BE6715A61D351692 /* include_juce_audio_plugin_client_VST_utils.mm */ /* include_juce_audio_plugin_client_VST_utils.mm */ = {isa = PBXFileReference; lastKnownFileType = sourcecode.cpp.objcpp; name = include_juce_audio_plugin_client_VST_utils.mm; path = ../../JuceLibraryCode/include_juce_audio_plugin_client_VST_utils.mm; sourceTree = SOURCE_ROOT; };
		0BB4F72EE42BF77B6A4D887D /* PluginProcessor.h */ /* PluginProcessor.h */ = {isa = PBXFileReference; lastKnownFileType = sourcecode.c.h; name = PluginProcessor.h; path = ../../Source/PluginProcessor.h; sourceTree = SOURCE_ROOT; };
		0C2FB30A06859B095B0596C7 /* juce_audio_processors */ /* juce_audio_processors */ = {isa = PBXFileReference; lastKnownFileType = folder; name = juce_audio_processors; path = /Users/rochelle/MUS205/JUCE/modules/juce_audio_processors; sourceTree = "<absolute>"; };
		0EF934015AB3B540CD851C9B /* AppConfig.h */ /* AppConfig.h */ = {isa = PBXFileReference; lastKnownFileType = sourcecode.c.h; name = AppConfig.h; path = ../../JuceLibraryCode/AppConfig.h; sourceTree = SOURCE_ROOT; };
		190F216ED6226FC736F3A3EC /* Cocoa.framework */ /* Cocoa.framework */ = {isa = PBXFileReference; lastKnownFileType = wrapper.framework; name = Cocoa.framework; path = System/Library/Frameworks/Cocoa.framework; sourceTree = SDKROOT; };
		19A60C5E43358F49A82567B0 /* Accelerate.framework */ /* Accelerate.framework */ = {isa = PBXFileReference; lastKnownFileType = wrapper.framework; name = Accelerate.framework; path = System/Library/Frameworks/Accelerate.framework; sourceTree = SDKROOT; };
		19C21434105BB273E4E3EFE9 /* juce_audio_plugin_client */ /* juce_audio_plugin_client */ = {isa = PBXFileReference; lastKnownFileType = folder; name = juce_audio_plugin_client; path = /Users/rochelle/MUS205/JUCE/modules/juce_audio_plugin_client; sourceTree = "<absolute>"; };
		1CAA1F83FA427FEFA16792C8 /* VST3 */ = {isa = PBXFileReference; explicitFileType = wrapper.cfbundle; includeInIndex = 0; path = NewProject.vst3; sourceTree = BUILT_PRODUCTS_DIR; };
		2152EC365954AE1A28C71A72 /* AU */ = {isa = PBXFileReference; explicitFileType = wrapper.cfbundle; includeInIndex = 0; path = NewProject.component; sourceTree = BUILT_PRODUCTS_DIR; };
		23263B928007AF934773B86C /* include_juce_audio_basics.mm */ /* include_juce_audio_basics.mm */ = {isa = PBXFileReference; lastKnownFileType = sourcecode.cpp.objcpp; name = include_juce_audio_basics.mm; path = ../../JuceLibraryCode/include_juce_audio_basics.mm; sourceTree = SOURCE_ROOT; };
		2754B0E64D559F82A3092FFD /* juce_audio_utils */ /* juce_audio_utils */ = {isa = PBXFileReference; lastKnownFileType = folder; name = juce_audio_utils; path = /Users/rochelle/MUS205/JUCE/modules/juce_audio_utils; sourceTree = "<absolute>"; };
		2FBCE960274F110A81B3B93C /* juce_gui_basics */ /* juce_gui_basics */ = {isa = PBXFileReference; lastKnownFileType = folder; name = juce_gui_basics; path = /Users/rochelle/MUS205/JUCE/modules/juce_gui_basics; sourceTree = "<absolute>"; };
		30727FF7143FE2147AFCF738 /* juce_audio_basics */ /* juce_audio_basics */ = {isa = PBXFileReference; lastKnownFileType = folder; name = juce_audio_basics; path = /Users/rochelle/MUS205/JUCE/modules/juce_audio_basics; sourceTree = "<absolute>"; };
		31E932617D43E86AC39FFAB2 /* include_juce_audio_plugin_client_AU.r */ /* include_juce_audio_plugin_client_AU.r */ = {isa = PBXFileReference; lastKnownFileType = file.r; name = include_juce_audio_plugin_client_AU.r; path = ../../JuceLibraryCode/include_juce_audio_plugin_client_AU.r; sourceTree = SOURCE_ROOT; };
		365A7701CB19E2A0F0B5A970 /* include_juce_audio_processors.mm */ /* include_juce_audio_processors.mm */ = {isa = PBXFileReference; lastKnownFileType = sourcecode.cpp.objcpp; name = include_juce_audio_processors.mm; path = ../../JuceLibraryCode/include_juce_audio_processors.mm; sourceTree = SOURCE_ROOT; };
		3A1429710F6CC4851F24858C /* juce_audio_devices */ /* juce_audio_devices */ = {isa = PBXFileReference; lastKnownFileType = folder; name = juce_audio_devices; path = /Users/rochelle/MUS205/JUCE/modules/juce_audio_devices; sourceTree = "<absolute>"; };
		3B9A16F7CD9250119F24A0F5 /* RecentFilesMenuTemplate.nib */ /* RecentFilesMenuTemplate.nib */ = {isa = PBXFileReference; lastKnownFileType = file.nib; name = RecentFilesMenuTemplate.nib; path = RecentFilesMenuTemplate.nib; sourceTree = SOURCE_ROOT; };
		3F23FDC36CFE3B98DE899B47 /* include_juce_audio_formats.mm */ /* include_juce_audio_formats.mm */ = {isa = PBXFileReference; lastKnownFileType = sourcecode.cpp.objcpp; name = include_juce_audio_formats.mm; path = ../../JuceLibraryCode/include_juce_audio_formats.mm; sourceTree = SOURCE_ROOT; };
		40D5ACAB4095D2CC2298B87E /* JucePluginDefines.h */ /* JucePluginDefines.h */ = {isa = PBXFileReference; lastKnownFileType = sourcecode.c.h; name = JucePluginDefines.h; path = ../../JuceLibraryCode/JucePluginDefines.h; sourceTree = SOURCE_ROOT; };
		415963343F60679CF3574B12 /* AVFoundation.framework */ /* AVFoundation.framework */ = {isa = PBXFileReference; lastKnownFileType = wrapper.framework; name = AVFoundation.framework; path = System/Library/Frameworks/AVFoundation.framework; sourceTree = SDKROOT; };
		49A50F48A9CB4A5F93928A93 /* Carbon.framework */ /* Carbon.framework */ = {isa = PBXFileReference; lastKnownFileType = wrapper.framework; name = Carbon.framework; path = System/Library/Frameworks/Carbon.framework; sourceTree = SDKROOT; };
		51C88C077FFB11E1E0167D80 /* DspFaust.h */ /* DspFaust.h */ = {isa = PBXFileReference; lastKnownFileType = sourcecode.c.h; name = DspFaust.h; path = "../../Source/dsp-faust/DspFaust.h"; sourceTree = SOURCE_ROOT; };
		542DE3C64B2A9529DED66EDF /* Info-VST3.plist */ /* Info-VST3.plist */ = {isa = PBXFileReference; lastKnownFileType = text.plist.xml; name = "Info-VST3.plist"; path = "Info-VST3.plist"; sourceTree = SOURCE_ROOT; };
		572B0710727AE19FDF2906AF /* include_juce_audio_plugin_client_AU_2.mm */ /* include_juce_audio_plugin_client_AU_2.mm */ = {isa = PBXFileReference; lastKnownFileType = sourcecode.cpp.objcpp; name = include_juce_audio_plugin_client_AU_2.mm; path = ../../JuceLibraryCode/include_juce_audio_plugin_client_AU_2.mm; sourceTree = SOURCE_ROOT; };
		58C3E9539B763B23B61146E6 /* README.md */ /* README.md */ = {isa = PBXFileReference; lastKnownFileType = file.md; name = README.md; path = "../../Source/dsp-faust/README.md"; sourceTree = SOURCE_ROOT; };
		60378C3DBB3999103F65FAAA /* juce_graphics */ /* juce_graphics */ = {isa = PBXFileReference; lastKnownFileType = folder; name = juce_graphics; path = /Users/rochelle/MUS205/JUCE/modules/juce_graphics; sourceTree = "<absolute>"; };
		656E3BE931AE872D9BD64183 /* include_juce_audio_plugin_client_VST3.cpp */ /* include_juce_audio_plugin_client_VST3.cpp */ = {isa = PBXFileReference; lastKnownFileType = sourcecode.cpp.cpp; name = include_juce_audio_plugin_client_VST3.cpp; path = ../../JuceLibraryCode/include_juce_audio_plugin_client_VST3.cpp; sourceTree = SOURCE_ROOT; };
		6A86AA6C8917F8A5C4119922 /* BinaryData.cpp */ /* BinaryData.cpp */ = {isa = PBXFileReference; lastKnownFileType = sourcecode.cpp.cpp; name = BinaryData.cpp; path = ../../JuceLibraryCode/BinaryData.cpp; sourceTree = SOURCE_ROOT; };
		6BC6C8B0FF6A561499AA6DB4 /* include_juce_gui_extra.mm */ /* include_juce_gui_extra.mm */ = {isa = PBXFileReference; lastKnownFileType = sourcecode.cpp.objcpp; name = include_juce_gui_extra.mm; path = ../../JuceLibraryCode/include_juce_gui_extra.mm; sourceTree = SOURCE_ROOT; };
		6CA7583493BFFDEE5D124837 /* AudioUnit.framework */ /* AudioUnit.framework */ = {isa = PBXFileReference; lastKnownFileType = wrapper.framework; name = AudioUnit.framework; path = System/Library/Frameworks/AudioUnit.framework; sourceTree = SDKROOT; };
		6CBD5A1EF56EB80F1E517428 /* juce_events */ /* juce_events */ = {isa = PBXFileReference; lastKnownFileType = folder; name = juce_events; path = /Users/rochelle/MUS205/JUCE/modules/juce_events; sourceTree = "<absolute>"; };
		6D7D9CF893EAB99D47CC9A03 /* CoreAudioKit.framework */ /* CoreAudioKit.framework */ = {isa = PBXFileReference; lastKnownFileType = wrapper.framework; name = CoreAudioKit.framework; path = System/Library/Frameworks/CoreAudioKit.framework; sourceTree = SDKROOT; };
		71D707413FF23047C9DDBC51 /* include_juce_data_structures.mm */ /* include_juce_data_structures.mm */ = {isa = PBXFileReference; lastKnownFileType = sourcecode.cpp.objcpp; name = include_juce_data_structures.mm; path = ../../JuceLibraryCode/include_juce_data_structures.mm; sourceTree = SOURCE_ROOT; };
		72129E9F5328D5D521011563 /* QuartzCore.framework */ /* QuartzCore.framework */ = {isa = PBXFileReference; lastKnownFileType = wrapper.framework; name = QuartzCore.framework; path = System/Library/Frameworks/QuartzCore.framework; sourceTree = SDKROOT; };
		773D46EFDABA106D972777C5 /* clarinetMIDI.cpp */ /* clarinetMIDI.cpp */ = {isa = PBXFileReference; lastKnownFileType = sourcecode.cpp.cpp; name = clarinetMIDI.cpp; path = ../../Source/clarinetMIDI.cpp; sourceTree = SOURCE_ROOT; };
		7A9D759A47B0CD14E6046B51 /* IOKit.framework */ /* IOKit.framework */ = {isa = PBXFileReference; lastKnownFileType = wrapper.framework; name = IOKit.framework; path = System/Library/Frameworks/IOKit.framework; sourceTree = SDKROOT; };
		7BE35BBF6579BBE85E61B441 /* PluginEditor.h */ /* PluginEditor.h */ = {isa = PBXFileReference; lastKnownFileType = sourcecode.c.h; name = PluginEditor.h; path = ../../Source/PluginEditor.h; sourceTree = SOURCE_ROOT; };
		8A87D46A86A086AD2327C114 /* Shared Code */ = {isa = PBXFileReference; explicitFileType = archive.ar; includeInIndex = 0; path = libNewProject.a; sourceTree = BUILT_PRODUCTS_DIR; };
		8B9429CB524B0FBD438AC397 /* PluginProcessor.cpp */ /* PluginProcessor.cpp */ = {isa = PBXFileReference; lastKnownFileType = sourcecode.cpp.cpp; name = PluginProcessor.cpp; path = ../../Source/PluginProcessor.cpp; sourceTree = SOURCE_ROOT; };
		8BDC4B9CEF6EF4B69FBA1DB1 /* juce_data_structures */ /* juce_data_structures */ = {isa = PBXFileReference; lastKnownFileType = folder; name = juce_data_structures; path = /Users/rochelle/MUS205/JUCE/modules/juce_data_structures; sourceTree = "<absolute>"; };
		8C3DC35C65116435C17CF6EC /* CoreMIDI.framework */ /* CoreMIDI.framework */ = {isa = PBXFileReference; lastKnownFileType = wrapper.framework; name = CoreMIDI.framework; path = System/Library/Frameworks/CoreMIDI.framework; sourceTree = SDKROOT; };
		935C63501740EE4D39FDCD18 /* include_juce_audio_devices.mm */ /* include_juce_audio_devices.mm */ = {isa = PBXFileReference; lastKnownFileType = sourcecode.cpp.objcpp; name = include_juce_audio_devices.mm; path = ../../JuceLibraryCode/include_juce_audio_devices.mm; sourceTree = SOURCE_ROOT; };
		9E0A46229C5CC882442FA898 /* juce_audio_formats */ /* juce_audio_formats */ = {isa = PBXFileReference; lastKnownFileType = folder; name = juce_audio_formats; path = /Users/rochelle/MUS205/JUCE/modules/juce_audio_formats; sourceTree = "<absolute>"; };
		9EABB8DE1458462E2F1B7322 /* include_juce_audio_utils.mm */ /* include_juce_audio_utils.mm */ = {isa = PBXFileReference; lastKnownFileType = sourcecode.cpp.objcpp; name = include_juce_audio_utils.mm; path = ../../JuceLibraryCode/include_juce_audio_utils.mm; sourceTree = SOURCE_ROOT; };
		A94CCC492B685EFE200364A9 /* include_juce_audio_plugin_client_AU_1.mm */ /* include_juce_audio_plugin_client_AU_1.mm */ = {isa = PBXFileReference; lastKnownFileType = sourcecode.cpp.objcpp; name = include_juce_audio_plugin_client_AU_1.mm; path = ../../JuceLibraryCode/include_juce_audio_plugin_client_AU_1.mm; sourceTree = SOURCE_ROOT; };
		AE2D3F1CCB58E907FD1BB1BA /* FaustSynth.h */ /* FaustSynth.h */ = {isa = PBXFileReference; lastKnownFileType = sourcecode.c.h; name = FaustSynth.h; path = ../../Source/FaustSynth.h; sourceTree = SOURCE_ROOT; };
		B8B1788E957421CB675AC9C1 /* juce_gui_extra */ /* juce_gui_extra */ = {isa = PBXFileReference; lastKnownFileType = folder; name = juce_gui_extra; path = /Users/rochelle/MUS205/JUCE/modules/juce_gui_extra; sourceTree = "<absolute>"; };
		B8DF3BD54F6BE6E6A3F8ADF0 /* include_juce_audio_plugin_client_AUv3.mm */ /* include_juce_audio_plugin_client_AUv3.mm */ = {isa = PBXFileReference; lastKnownFileType = sourcecode.cpp.objcpp; name = include_juce_audio_plugin_client_AUv3.mm; path = ../../JuceLibraryCode/include_juce_audio_plugin_client_AUv3.mm; sourceTree = SOURCE_ROOT; };
		BE7A5C64F5C70DAAA71A948E /* Foundation.framework */ /* Foundation.framework */ = {isa = PBXFileReference; lastKnownFileType = wrapper.framework; name = Foundation.framework; path = System/Library/Frameworks/Foundation.framework; sourceTree = SDKROOT; };
		C09BAC459A33DF465CC57E03 /* include_juce_events.mm */ /* include_juce_events.mm */ = {isa = PBXFileReference; lastKnownFileType = sourcecode.cpp.objcpp; name = include_juce_events.mm; path = ../../JuceLibraryCode/include_juce_events.mm; sourceTree = SOURCE_ROOT; };
		C28D76357C8C63570DD227F5 /* DspFaust.cpp */ /* DspFaust.cpp */ = {isa = PBXFileReference; lastKnownFileType = sourcecode.cpp.cpp; name = DspFaust.cpp; path = "../../Source/dsp-faust/DspFaust.cpp"; sourceTree = SOURCE_ROOT; };
		D27AF0CE20C2BE847295DC26 /* AUv3 AppExtension */ = {isa = PBXFileReference; explicitFileType = "wrapper.app-extension"; includeInIndex = 0; path = NewProject.appex; sourceTree = BUILT_PRODUCTS_DIR; };
		D6E80EEF4B3E879E3FB0DA0D /* JuceHeader.h */ /* JuceHeader.h */ = {isa = PBXFileReference; lastKnownFileType = sourcecode.c.h; name = JuceHeader.h; path = ../../JuceLibraryCode/JuceHeader.h; sourceTree = SOURCE_ROOT; };
		DE92635CEC9C13293C083169 /* include_juce_core.mm */ /* include_juce_core.mm */ = {isa = PBXFileReference; lastKnownFileType = sourcecode.cpp.objcpp; name = include_juce_core.mm; path = ../../JuceLibraryCode/include_juce_core.mm; sourceTree = SOURCE_ROOT; };
		DF45B28863ACE46010DFC26A /* CoreAudio.framework */ /* CoreAudio.framework */ = {isa = PBXFileReference; lastKnownFileType = wrapper.framework; name = CoreAudio.framework; path = System/Library/Frameworks/CoreAudio.framework; sourceTree = SDKROOT; };
		E37E33C09F4C1A11A4371066 /* WebKit.framework */ /* WebKit.framework */ = {isa = PBXFileReference; lastKnownFileType = wrapper.framework; name = WebKit.framework; path = System/Library/Frameworks/WebKit.framework; sourceTree = SDKROOT; };
		E3F0F752C16B827209C81CB6 /* BinaryData.h */ /* BinaryData.h */ = {isa = PBXFileReference; lastKnownFileType = sourcecode.c.h; name = BinaryData.h; path = ../../JuceLibraryCode/BinaryData.h; sourceTree = SOURCE_ROOT; };
		E4BF4FBF3A284DF912B35D0B /* PluginEditor.cpp */ /* PluginEditor.cpp */ = {isa = PBXFileReference; lastKnownFileType = sourcecode.cpp.cpp; name = PluginEditor.cpp; path = ../../Source/PluginEditor.cpp; sourceTree = SOURCE_ROOT; };
		EC19C4312A7A00D0258DC847 /* Info-AUv3_AppExtension.plist */ /* Info-AUv3_AppExtension.plist */ = {isa = PBXFileReference; lastKnownFileType = text.plist.xml; name = "Info-AUv3_AppExtension.plist"; path = "Info-AUv3_AppExtension.plist"; sourceTree = SOURCE_ROOT; };
		EE9DB432EBE7D088DB084E18 /* AudioToolbox.framework */ /* AudioToolbox.framework */ = {isa = PBXFileReference; lastKnownFileType = wrapper.framework; name = AudioToolbox.framework; path = System/Library/Frameworks/AudioToolbox.framework; sourceTree = SDKROOT; };
		F2B629BF14E2A80A15F1F5F7 /* juce_core */ /* juce_core */ = {isa = PBXFileReference; lastKnownFileType = folder; name = juce_core; path = /Users/rochelle/MUS205/JUCE/modules/juce_core; sourceTree = "<absolute>"; };
		F73F996398EF89DA285E7836 /* include_juce_gui_basics.mm */ /* include_juce_gui_basics.mm */ = {isa = PBXFileReference; lastKnownFileType = sourcecode.cpp.objcpp; name = include_juce_gui_basics.mm; path = ../../JuceLibraryCode/include_juce_gui_basics.mm; sourceTree = SOURCE_ROOT; };
		FAD848A2736044BB9EF72125 /* DiscRecording.framework */ /* DiscRecording.framework */ = {isa = PBXFileReference; lastKnownFileType = wrapper.framework; name = DiscRecording.framework; path = System/Library/Frameworks/DiscRecording.framework; sourceTree = SDKROOT; };
		FDB0EAEC3A263F8B58877BC6 /* include_juce_graphics.mm */ /* include_juce_graphics.mm */ = {isa = PBXFileReference; lastKnownFileType = sourcecode.cpp.objcpp; name = include_juce_graphics.mm; path = ../../JuceLibraryCode/include_juce_graphics.mm; sourceTree = SOURCE_ROOT; };
/* End PBXFileReference section */

/* Begin PBXFrameworksBuildPhase section */
		37F8DB5F1E587BFAAD0E5D3A = {
			isa = PBXFrameworksBuildPhase;
			buildActionMask = 2147483647;
			files = (
				F8F5563555BAF8838827B6BE,
				DA6C713D9A3B99B3B7F61F38,
				B9C6F6ABDA4C0F5D3E1B8508,
				43177999EBB9D4E8E18B95DE,
				068AD4C50AAABBACB84CF056,
				364D46BF94D766CA29E3305E,
				F1C60323A8F6FD4BBCCE6FEB,
				63B348859B540E701975A819,
				7DE730EA91BABB6E7BD2F6F7,
				05C487799EB45D2440A0EB6A,
				BD3E676C862B131CCD0FE6B0,
				A545E2125190677ED22529FB,
			);
			runOnlyForDeploymentPostprocessing = 0;
		};
		5F0E0C2E98A939901FD1D517 = {
			isa = PBXFrameworksBuildPhase;
			buildActionMask = 2147483647;
			files = (
				10189DAE53A3B0BA437EC7D7,
				F8F5563555BAF8838827B6BE,
				DA6C713D9A3B99B3B7F61F38,
				BB28CD7C99603EB3BEC41B92,
				B9C6F6ABDA4C0F5D3E1B8508,
				43177999EBB9D4E8E18B95DE,
				068AD4C50AAABBACB84CF056,
				364D46BF94D766CA29E3305E,
				F1C60323A8F6FD4BBCCE6FEB,
				63B348859B540E701975A819,
				7DE730EA91BABB6E7BD2F6F7,
				05C487799EB45D2440A0EB6A,
				BD3E676C862B131CCD0FE6B0,
				A545E2125190677ED22529FB,
			);
			runOnlyForDeploymentPostprocessing = 0;
		};
		ED3A2B6B8A1DE644BF299216 = {
			isa = PBXFrameworksBuildPhase;
			buildActionMask = 2147483647;
			files = (
				10189DAE53A3B0BA437EC7D7,
				F8F5563555BAF8838827B6BE,
				DA6C713D9A3B99B3B7F61F38,
				B9C6F6ABDA4C0F5D3E1B8508,
				43177999EBB9D4E8E18B95DE,
				068AD4C50AAABBACB84CF056,
				364D46BF94D766CA29E3305E,
				F1C60323A8F6FD4BBCCE6FEB,
				63B348859B540E701975A819,
				7DE730EA91BABB6E7BD2F6F7,
				05C487799EB45D2440A0EB6A,
				BD3E676C862B131CCD0FE6B0,
				A545E2125190677ED22529FB,
			);
			runOnlyForDeploymentPostprocessing = 0;
		};
/* End PBXFrameworksBuildPhase section */

/* Begin PBXGroup section */
		1974FDF8A3ED6B533F94E365 /* Source */ = {
			isa = PBXGroup;
			children = (
				8B9429CB524B0FBD438AC397,
				0BB4F72EE42BF77B6A4D887D,
				E4BF4FBF3A284DF912B35D0B,
				7BE35BBF6579BBE85E61B441,
				AE2D3F1CCB58E907FD1BB1BA,
				5E88BF854791854B546B29C6,
			);
			name = Source;
			sourceTree = "<group>";
		};
		1A5354307E82ACF44E46F2AF /* clarinetPlugin */ = {
			isa = PBXGroup;
			children = (
				1974FDF8A3ED6B533F94E365,
				773D46EFDABA106D972777C5,
			);
			name = clarinetPlugin;
			sourceTree = "<group>";
		};
		3A8ECD323BCBF790CDF2A122 /* Products */ = {
			isa = PBXGroup;
			children = (
				1CAA1F83FA427FEFA16792C8,
				2152EC365954AE1A28C71A72,
				D27AF0CE20C2BE847295DC26,
				8A87D46A86A086AD2327C114,
			);
			name = Products;
			sourceTree = "<group>";
		};
		5E88BF854791854B546B29C6 /* dsp-faust */ = {
			isa = PBXGroup;
			children = (
				C28D76357C8C63570DD227F5,
				51C88C077FFB11E1E0167D80,
				58C3E9539B763B23B61146E6,
			);
			name = "dsp-faust";
			sourceTree = "<group>";
		};
		7088BB041C386B8E02BF8FB0 /* JUCE Modules */ = {
			isa = PBXGroup;
			children = (
				30727FF7143FE2147AFCF738,
				3A1429710F6CC4851F24858C,
				9E0A46229C5CC882442FA898,
				19C21434105BB273E4E3EFE9,
				0C2FB30A06859B095B0596C7,
				2754B0E64D559F82A3092FFD,
				F2B629BF14E2A80A15F1F5F7,
				8BDC4B9CEF6EF4B69FBA1DB1,
				6CBD5A1EF56EB80F1E517428,
				60378C3DBB3999103F65FAAA,
				2FBCE960274F110A81B3B93C,
				B8B1788E957421CB675AC9C1,
			);
			name = "JUCE Modules";
			sourceTree = "<group>";
		};
		754EFD3F6570C3DC4A729073 /* Resources */ = {
			isa = PBXGroup;
			children = (
				542DE3C64B2A9529DED66EDF,
				03451DE46AFA477C2875030E,
				EC19C4312A7A00D0258DC847,
				3B9A16F7CD9250119F24A0F5,
			);
			name = Resources;
			sourceTree = "<group>";
		};
		83CE31D45F2D014ECC27EBAB /* Frameworks */ = {
			isa = PBXGroup;
			children = (
				6CA7583493BFFDEE5D124837,
				19A60C5E43358F49A82567B0,
				EE9DB432EBE7D088DB084E18,
				415963343F60679CF3574B12,
				49A50F48A9CB4A5F93928A93,
				190F216ED6226FC736F3A3EC,
				DF45B28863ACE46010DFC26A,
				6D7D9CF893EAB99D47CC9A03,
				8C3DC35C65116435C17CF6EC,
				FAD848A2736044BB9EF72125,
				BE7A5C64F5C70DAAA71A948E,
				7A9D759A47B0CD14E6046B51,
				72129E9F5328D5D521011563,
				E37E33C09F4C1A11A4371066,
			);
			name = Frameworks;
			sourceTree = "<group>";
		};
		925DDEADE5C2A8F52D241F8E /* Source */ = {
			isa = PBXGroup;
			children = (
				1A5354307E82ACF44E46F2AF,
				7088BB041C386B8E02BF8FB0,
				E1350D9954C301EA2858DCD1,
				754EFD3F6570C3DC4A729073,
				83CE31D45F2D014ECC27EBAB,
				3A8ECD323BCBF790CDF2A122,
			);
			name = Source;
			sourceTree = "<group>";
		};
		E1350D9954C301EA2858DCD1 /* JUCE Library Code */ = {
			isa = PBXGroup;
			children = (
				0EF934015AB3B540CD851C9B,
				6A86AA6C8917F8A5C4119922,
				E3F0F752C16B827209C81CB6,
				23263B928007AF934773B86C,
				935C63501740EE4D39FDCD18,
				3F23FDC36CFE3B98DE899B47,
				31E932617D43E86AC39FFAB2,
				A94CCC492B685EFE200364A9,
				572B0710727AE19FDF2906AF,
				B8DF3BD54F6BE6E6A3F8ADF0,
				01EDEC08FE0E6B5C560CA3C8,
				0A0771B1BE6715A61D351692,
				656E3BE931AE872D9BD64183,
				365A7701CB19E2A0F0B5A970,
				9EABB8DE1458462E2F1B7322,
				DE92635CEC9C13293C083169,
				71D707413FF23047C9DDBC51,
				C09BAC459A33DF465CC57E03,
				FDB0EAEC3A263F8B58877BC6,
				F73F996398EF89DA285E7836,
				6BC6C8B0FF6A561499AA6DB4,
				D6E80EEF4B3E879E3FB0DA0D,
				40D5ACAB4095D2CC2298B87E,
			);
			name = "JUCE Library Code";
			sourceTree = "<group>";
		};
/* End PBXGroup section */

/* Begin PBXNativeTarget section */
		156798F34A92E9DEFFE34734 /* clarinetPlugin - VST3 */ = {
			isa = PBXNativeTarget;
			buildConfigurationList = F93A9DBDB4879AE59BD6C4D2;
			buildPhases = (
				1482D02C244789869F5D83A5,
				9743DE3AAFBB160F5B5A85E5,
				37F8DB5F1E587BFAAD0E5D3A,
			);
			buildRules = (
			);
			dependencies = (
				568BBAE1200B78965266129C,
			);
			name = "clarinetPlugin - VST3";
			productName = clarinetPlugin;
			productReference = 1CAA1F83FA427FEFA16792C8;
			productType = "com.apple.product-type.bundle";
		};
		3534A78737A9A3AE95B6577C /* clarinetPlugin - AU */ = {
			isa = PBXNativeTarget;
			buildConfigurationList = D1D0BBE2CA6FD4A4D9FD2B29;
			buildPhases = (
				E8EAFE4E0697A468FBA012EA,
				59B3B085F96CB1ED1CD5C6C2,
				84077BA2CC161C3FB42142E5,
				ED3A2B6B8A1DE644BF299216,
			);
			buildRules = (
			);
			dependencies = (
				13B468AEF3109E61D8137C20,
			);
			name = "clarinetPlugin - AU";
			productName = clarinetPlugin;
			productReference = 2152EC365954AE1A28C71A72;
			productType = "com.apple.product-type.bundle";
		};
		7CABEE35E39682BF4AF112B3 /* clarinetPlugin - Shared Code */ = {
			isa = PBXNativeTarget;
			buildConfigurationList = B1C01F7432A21C81A0B5CDDD;
			buildPhases = (
				DE62C971FBA6CB8ECD146EB8,
			);
			buildRules = (
			);
			dependencies = (
			);
			name = "clarinetPlugin - Shared Code";
			productName = clarinetPlugin;
			productReference = 8A87D46A86A086AD2327C114;
			productType = "com.apple.product-type.library.static";
		};
		AC82729C0BBF7185FB518A35 /* clarinetPlugin - AUv3 AppExtension */ = {
			isa = PBXNativeTarget;
			buildConfigurationList = 81B1838BB2E3B2E14C1EBA8E;
			buildPhases = (
				7377CB490D457FF268D41054,
				80911923D8E62A8402233E20,
				5F0E0C2E98A939901FD1D517,
			);
			buildRules = (
			);
			dependencies = (
				D05FFFACE3867E63A44D5C2F,
			);
			name = "clarinetPlugin - AUv3 AppExtension";
			productName = clarinetPlugin;
			productReference = D27AF0CE20C2BE847295DC26;
			productType = "com.apple.product-type.app-extension";
		};
/* End PBXNativeTarget section */

/* Begin PBXProject section */
		3B009BA44357B590BC45C079 = {
			isa = PBXProject;
			attributes = {
				LastUpgradeCheck = 1320;
				ORGANIZATIONNAME = "";
				TargetAttributes = {
					156798F34A92E9DEFFE34734 = {
						SystemCapabilities = {
							com.apple.ApplicationGroups.iOS = {
								enabled = 0;
							};
							com.apple.HardenedRuntime = {
								enabled = 0;
							};
							com.apple.InAppPurchase = {
								enabled = 0;
							};
							com.apple.InterAppAudio = {
								enabled = 0;
							};
							com.apple.Push = {
								enabled = 0;
							};
							com.apple.Sandbox = {
								enabled = 0;
							};
						};
					};
					3534A78737A9A3AE95B6577C = {
						SystemCapabilities = {
							com.apple.ApplicationGroups.iOS = {
								enabled = 0;
							};
							com.apple.HardenedRuntime = {
								enabled = 0;
							};
							com.apple.InAppPurchase = {
								enabled = 0;
							};
							com.apple.InterAppAudio = {
								enabled = 0;
							};
							com.apple.Push = {
								enabled = 0;
							};
							com.apple.Sandbox = {
								enabled = 0;
							};
						};
					};
					7CABEE35E39682BF4AF112B3 = {
						SystemCapabilities = {
							com.apple.ApplicationGroups.iOS = {
								enabled = 0;
							};
							com.apple.HardenedRuntime = {
								enabled = 0;
							};
							com.apple.InAppPurchase = {
								enabled = 0;
							};
							com.apple.InterAppAudio = {
								enabled = 0;
							};
							com.apple.Push = {
								enabled = 0;
							};
							com.apple.Sandbox = {
								enabled = 0;
							};
						};
					};
					AC82729C0BBF7185FB518A35 = {
						SystemCapabilities = {
							com.apple.ApplicationGroups.iOS = {
								enabled = 0;
							};
							com.apple.HardenedRuntime = {
								enabled = 0;
							};
							com.apple.InAppPurchase = {
								enabled = 0;
							};
							com.apple.InterAppAudio = {
								enabled = 0;
							};
							com.apple.Push = {
								enabled = 0;
							};
							com.apple.Sandbox = {
								enabled = 1;
							};
						};
					};
					C61103D7ADCCBDEAFD7563C6 = {
						SystemCapabilities = {
							com.apple.ApplicationGroups.iOS = {
								enabled = 0;
							};
							com.apple.HardenedRuntime = {
								enabled = 0;
							};
							com.apple.InAppPurchase = {
								enabled = 0;
							};
							com.apple.InterAppAudio = {
								enabled = 0;
							};
							com.apple.Push = {
								enabled = 0;
							};
							com.apple.Sandbox = {
								enabled = 0;
							};
						};
					};
				};
			};
			buildConfigurationList = DB09F5EF8527A61D6B982AA7;
			compatibilityVersion = "Xcode 3.2";
			hasScannedForEncodings = 0;
			knownRegions = (
				en,
				Base,
			);
			mainGroup = 925DDEADE5C2A8F52D241F8E;
			projectDirPath = "";
			projectRoot = "";
			targets = (
				C61103D7ADCCBDEAFD7563C6,
				156798F34A92E9DEFFE34734,
				3534A78737A9A3AE95B6577C,
				AC82729C0BBF7185FB518A35,
				7CABEE35E39682BF4AF112B3,
			);
		};
/* End PBXProject section */

/* Begin PBXResourcesBuildPhase section */
		1482D02C244789869F5D83A5 = {
			isa = PBXResourcesBuildPhase;
			buildActionMask = 2147483647;
			files = (
				44648944866BBD8FDA97AB09,
			);
			runOnlyForDeploymentPostprocessing = 0;
		};
		7377CB490D457FF268D41054 = {
			isa = PBXResourcesBuildPhase;
			buildActionMask = 2147483647;
			files = (
				44648944866BBD8FDA97AB09,
			);
			runOnlyForDeploymentPostprocessing = 0;
		};
		E8EAFE4E0697A468FBA012EA = {
			isa = PBXResourcesBuildPhase;
			buildActionMask = 2147483647;
			files = (
				44648944866BBD8FDA97AB09,
			);
			runOnlyForDeploymentPostprocessing = 0;
		};
/* End PBXResourcesBuildPhase section */

/* Begin PBXRezBuildPhase section */
		59B3B085F96CB1ED1CD5C6C2 = {
			isa = PBXRezBuildPhase;
			buildActionMask = 2147483647;
			files = (
				C3A786A73CEB15E0BDCCD040,
			);
			runOnlyForDeploymentPostprocessing = 0;
		};
/* End PBXRezBuildPhase section */

/* Begin PBXSourcesBuildPhase section */
		80911923D8E62A8402233E20 = {
			isa = PBXSourcesBuildPhase;
			buildActionMask = 2147483647;
			files = (
				469D279CB80BF9A1EE55F068,
			);
			runOnlyForDeploymentPostprocessing = 0;
		};
		84077BA2CC161C3FB42142E5 = {
			isa = PBXSourcesBuildPhase;
			buildActionMask = 2147483647;
			files = (
				B1C238F9F0E1012B979F22A5,
				14EFF927AB562A4CDAB19FE7,
			);
			runOnlyForDeploymentPostprocessing = 0;
		};
		9743DE3AAFBB160F5B5A85E5 = {
			isa = PBXSourcesBuildPhase;
			buildActionMask = 2147483647;
			files = (
				C985DB4A963F19E5F96EBD5D,
			);
			runOnlyForDeploymentPostprocessing = 0;
		};
		DE62C971FBA6CB8ECD146EB8 = {
			isa = PBXSourcesBuildPhase;
			buildActionMask = 2147483647;
			files = (
				13D2C21136CC4DABE55A1D90,
				DE13AEDE6C92CC999DC7ED0C,
				A43676AE79A4AE035363CC65,
				268A6BE0DDF3A2BEDD35B4FE,
				55D228E95093EA7F7DB7FB53,
				47588DBDB796D7CACEA84564,
				B67DC29A7497432A9ED4D709,
				023D16507BCFD45414D0D1F0,
				3B21A04BBFB1C06EB8DB472E,
				7BC41D9CD293D6E131F35E48,
				0188223AC8174B442E29E2B6,
				651550EB03CA5A7146667984,
				42EB3EB75D25824622C19BBB,
				8D486BA5E4857160933D8D01,
				FA174C16F5C79F4A99CA09EA,
				76A2609453053A0A072CF80D,
				BE98182B909747D1DCF41F39,
				9F1F820B9B0B883C00E3FCA8,
			);
			runOnlyForDeploymentPostprocessing = 0;
		};
/* End PBXSourcesBuildPhase section */

/* Begin PBXTargetDependency section */
		13B468AEF3109E61D8137C20 = {
			isa = PBXTargetDependency;
			target = 7CABEE35E39682BF4AF112B3;
		};
		568BBAE1200B78965266129C = {
			isa = PBXTargetDependency;
			target = 7CABEE35E39682BF4AF112B3;
		};
		C04B51C9C2D8EF5A91B47613 = {
			isa = PBXTargetDependency;
			target = 156798F34A92E9DEFFE34734;
		};
		C128FF3791577AD65695B915 = {
			isa = PBXTargetDependency;
			target = AC82729C0BBF7185FB518A35;
		};
		D05FFFACE3867E63A44D5C2F = {
			isa = PBXTargetDependency;
			target = 7CABEE35E39682BF4AF112B3;
		};
		DEDC62497BD34F0353E196DE = {
			isa = PBXTargetDependency;
			target = 7CABEE35E39682BF4AF112B3;
		};
		FD320C5EFEF11A0344C31C51 = {
			isa = PBXTargetDependency;
			target = 3534A78737A9A3AE95B6577C;
		};
/* End PBXTargetDependency section */

/* Begin XCBuildConfiguration section */
		0C8307DCBD16A8BB813AC9D5 /* Release */ = {
			isa = XCBuildConfiguration;
			buildSettings = {
				CLANG_CXX_LANGUAGE_STANDARD = "c++14";
				CLANG_CXX_LIBRARY = "libc++";
				CLANG_LINK_OBJC_RUNTIME = NO;
				CODE_SIGN_IDENTITY = "";
				COMBINE_HIDPI_IMAGES = YES;
				CONFIGURATION_BUILD_DIR = "$(PROJECT_DIR)/build/$(CONFIGURATION)";
				DEAD_CODE_STRIPPING = YES;
				DEPLOYMENT_LOCATION = YES;
				DSTROOT = /;
				EXCLUDED_ARCHS = "";
				GCC_GENERATE_DEBUGGING_SYMBOLS = NO;
				GCC_OPTIMIZATION_LEVEL = 3;
				GCC_PREPROCESSOR_DEFINITIONS = (
					"_NDEBUG=1",
					"NDEBUG=1",
					"JUCER_XCODE_MAC_F6D2F4CF=1",
					"JUCE_APP_VERSION=1.0.0",
					"JUCE_APP_VERSION_HEX=0x10000",
					"JucePlugin_Build_VST=0",
					"JucePlugin_Build_VST3=0",
					"JucePlugin_Build_AU=1",
					"JucePlugin_Build_AUv3=0",
					"JucePlugin_Build_RTAS=0",
					"JucePlugin_Build_AAX=0",
					"JucePlugin_Build_Standalone=0",
					"JucePlugin_Build_Unity=0",
				);
				GCC_VERSION = com.apple.compilers.llvm.clang.1_0;
				GENERATE_PKGINFO_FILE = YES;
				HEADER_SEARCH_PATHS = (
					"/Users/rochelle/MUS205/JUCE/modules/juce_audio_processors/format_types/VST3_SDK",
					"$(SRCROOT)/../../JuceLibraryCode",
					"/Users/rochelle/MUS205/JUCE/modules",
					"/Users/rochelle/MUS205/JUCE/modules/juce_audio_plugin_client",
					"$(inherited)",
				);
				INFOPLIST_FILE = Info-AU.plist;
				INFOPLIST_PREPROCESS = NO;
				INSTALL_PATH = "$(HOME)/Library/Audio/Plug-Ins/Components/";
				LIBRARY_STYLE = Bundle;
				LLVM_LTO = YES;
				MACOSX_DEPLOYMENT_TARGET = 10.11;
				MTL_HEADER_SEARCH_PATHS = "/Users/rochelle/MUS205/JUCE/modules/juce_audio_processors/format_types/VST3_SDK $(SRCROOT)/../../JuceLibraryCode /Users/rochelle/MUS205/JUCE/modules /Users/rochelle/MUS205/JUCE/modules/juce_audio_plugin_client";
				OTHER_LDFLAGS = "-bundle -lNewProject";
				OTHER_REZFLAGS = "-d ppc_$ppc -d i386_$i386 -d ppc64_$ppc64 -d x86_64_$x86_64 -d arm64_$arm64 -I /System/Library/Frameworks/CoreServices.framework/Frameworks/CarbonCore.framework/Versions/A/Headers -I \"$(DEVELOPER_DIR)/Extras/CoreAudio/AudioUnits/AUPublic/AUBase\" -I \"$(DEVELOPER_DIR)/Platforms/MacOSX.platform/Developer/SDKs/MacOSX.sdk/System/Library/Frameworks/AudioUnit.framework/Headers\"";
				PRODUCT_BUNDLE_IDENTIFIER = com.yourcompany.clarinetPlugin;
				PRODUCT_NAME = "NewProject";
				USE_HEADERMAP = NO;
				VALID_ARCHS = "i386 x86_64 arm64 arm64e";
				WRAPPER_EXTENSION = component;
			};
			name = Release;
		};
		10F505280E05962BFE774C3D /* Debug */ = {
			isa = XCBuildConfiguration;
			buildSettings = {
				MACOSX_DEPLOYMENT_TARGET = 10.11;
				SDKROOT = macosx;
			};
			name = Debug;
		};
		45CC232CC8ACA160BC63AB48 /* Debug */ = {
			isa = XCBuildConfiguration;
			buildSettings = {
				ALWAYS_SEARCH_USER_PATHS = NO;
				CLANG_ENABLE_OBJC_WEAK = YES;
				CLANG_WARN_BLOCK_CAPTURE_AUTORELEASING = YES;
				CLANG_WARN_BOOL_CONVERSION = YES;
				CLANG_WARN_COMMA = YES;
				CLANG_WARN_CONSTANT_CONVERSION = YES;
				CLANG_WARN_DEPRECATED_OBJC_IMPLEMENTATIONS = YES;
				CLANG_WARN_EMPTY_BODY = YES;
				CLANG_WARN_ENUM_CONVERSION = YES;
				CLANG_WARN_INFINITE_RECURSION = YES;
				CLANG_WARN_INT_CONVERSION = YES;
				CLANG_WARN_NON_LITERAL_NULL_CONVERSION = YES;
				CLANG_WARN_OBJC_IMPLICIT_RETAIN_SELF = YES;
				CLANG_WARN_OBJC_LITERAL_CONVERSION = YES;
				CLANG_WARN_RANGE_LOOP_ANALYSIS = YES;
				CLANG_WARN_STRICT_PROTOTYPES = YES;
				CLANG_WARN_SUSPICIOUS_MOVE = YES;
				CLANG_WARN_UNREACHABLE_CODE = YES;
				CLANG_WARN__DUPLICATE_METHOD_MATCH = YES;
				CODE_SIGN_IDENTITY = "";
				DEBUG_INFORMATION_FORMAT = dwarf;
				ENABLE_STRICT_OBJC_MSGSEND = YES;
				ENABLE_TESTABILITY = NO;
				GCC_C_LANGUAGE_STANDARD = c11;
				GCC_INLINES_ARE_PRIVATE_EXTERN = YES;
				GCC_MODEL_TUNING = G5;
				GCC_NO_COMMON_BLOCKS = YES;
				GCC_SYMBOLS_PRIVATE_EXTERN = YES;
				GCC_WARN_64_TO_32_BIT_CONVERSION = YES;
				GCC_WARN_ABOUT_RETURN_TYPE = YES;
				GCC_WARN_CHECK_SWITCH_STATEMENTS = YES;
				GCC_WARN_MISSING_PARENTHESES = YES;
				GCC_WARN_NON_VIRTUAL_DESTRUCTOR = YES;
				GCC_WARN_TYPECHECK_CALLS_TO_PRINTF = YES;
				GCC_WARN_UNDECLARED_SELECTOR = YES;
				GCC_WARN_UNINITIALIZED_AUTOS = YES;
				GCC_WARN_UNUSED_FUNCTION = YES;
				GCC_WARN_UNUSED_VARIABLE = YES;
				ONLY_ACTIVE_ARCH = YES;
				PRODUCT_NAME = "NewProject";
				SDKROOT = macosx;
				WARNING_CFLAGS = "-Wreorder";
				ZERO_LINK = NO;
			};
			name = Debug;
		};
		50D0A05C0F99C4B6AE9B6A39 /* Debug */ = {
			isa = XCBuildConfiguration;
			buildSettings = {
				ARCHS = "$(ARCHS_STANDARD_64_BIT)";
				CLANG_CXX_LANGUAGE_STANDARD = "c++14";
				CLANG_CXX_LIBRARY = "libc++";
				CLANG_LINK_OBJC_RUNTIME = NO;
				CODE_SIGN_ENTITLEMENTS = "AUv3_AppExtension.entitlements";
				CODE_SIGN_IDENTITY = "";
				COMBINE_HIDPI_IMAGES = YES;
				CONFIGURATION_BUILD_DIR = "$(PROJECT_DIR)/build/$(CONFIGURATION)";
				COPY_PHASE_STRIP = NO;
				EXCLUDED_ARCHS = "";
				GCC_DYNAMIC_NO_PIC = NO;
				GCC_OPTIMIZATION_LEVEL = 0;
				GCC_PREPROCESSOR_DEFINITIONS = (
					"_DEBUG=1",
					"DEBUG=1",
					"JUCER_XCODE_MAC_F6D2F4CF=1",
					"JUCE_APP_VERSION=1.0.0",
					"JUCE_APP_VERSION_HEX=0x10000",
					"JucePlugin_Build_VST=0",
					"JucePlugin_Build_VST3=0",
					"JucePlugin_Build_AU=0",
					"JucePlugin_Build_AUv3=1",
					"JucePlugin_Build_RTAS=0",
					"JucePlugin_Build_AAX=0",
					"JucePlugin_Build_Standalone=0",
					"JucePlugin_Build_Unity=0",
				);
				GCC_VERSION = com.apple.compilers.llvm.clang.1_0;
				HEADER_SEARCH_PATHS = (
					"/Users/rochelle/MUS205/JUCE/modules/juce_audio_processors/format_types/VST3_SDK",
					"$(SRCROOT)/../../JuceLibraryCode",
					"/Users/rochelle/MUS205/JUCE/modules",
					"/Users/rochelle/MUS205/JUCE/modules/juce_audio_plugin_client",
					"$(inherited)",
				);
				INFOPLIST_FILE = Info-AUv3_AppExtension.plist;
				INFOPLIST_PREPROCESS = NO;
				MACOSX_DEPLOYMENT_TARGET = 10.11;
				MTL_HEADER_SEARCH_PATHS = "/Users/rochelle/MUS205/JUCE/modules/juce_audio_processors/format_types/VST3_SDK $(SRCROOT)/../../JuceLibraryCode /Users/rochelle/MUS205/JUCE/modules /Users/rochelle/MUS205/JUCE/modules/juce_audio_plugin_client";
				OTHER_LDFLAGS = "-lNewProject";
				PRODUCT_BUNDLE_IDENTIFIER = com.yourcompany.clarinetPlugin.clarinetPluginAUv3;
				PRODUCT_NAME = "NewProject";
				USE_HEADERMAP = NO;
				VALID_ARCHS = "i386 x86_64 arm64 arm64e";
			};
			name = Debug;
		};
		59A60F40E099320B157EFE15 /* Release */ = {
			isa = XCBuildConfiguration;
			buildSettings = {
				MACOSX_DEPLOYMENT_TARGET = 10.11;
				SDKROOT = macosx;
			};
			name = Release;
		};
		7267BABD9814290AC9BE259C /* Release */ = {
			isa = XCBuildConfiguration;
			buildSettings = {
				ARCHS = "$(ARCHS_STANDARD_64_BIT)";
				CLANG_CXX_LANGUAGE_STANDARD = "c++14";
				CLANG_CXX_LIBRARY = "libc++";
				CLANG_LINK_OBJC_RUNTIME = NO;
				CODE_SIGN_ENTITLEMENTS = "AUv3_AppExtension.entitlements";
				CODE_SIGN_IDENTITY = "";
				COMBINE_HIDPI_IMAGES = YES;
				CONFIGURATION_BUILD_DIR = "$(PROJECT_DIR)/build/$(CONFIGURATION)";
				DEAD_CODE_STRIPPING = YES;
				EXCLUDED_ARCHS = "";
				GCC_GENERATE_DEBUGGING_SYMBOLS = NO;
				GCC_OPTIMIZATION_LEVEL = 3;
				GCC_PREPROCESSOR_DEFINITIONS = (
					"_NDEBUG=1",
					"NDEBUG=1",
					"JUCER_XCODE_MAC_F6D2F4CF=1",
					"JUCE_APP_VERSION=1.0.0",
					"JUCE_APP_VERSION_HEX=0x10000",
					"JucePlugin_Build_VST=0",
					"JucePlugin_Build_VST3=0",
					"JucePlugin_Build_AU=0",
					"JucePlugin_Build_AUv3=1",
					"JucePlugin_Build_RTAS=0",
					"JucePlugin_Build_AAX=0",
					"JucePlugin_Build_Standalone=0",
					"JucePlugin_Build_Unity=0",
				);
				GCC_VERSION = com.apple.compilers.llvm.clang.1_0;
				HEADER_SEARCH_PATHS = (
					"/Users/rochelle/MUS205/JUCE/modules/juce_audio_processors/format_types/VST3_SDK",
					"$(SRCROOT)/../../JuceLibraryCode",
					"/Users/rochelle/MUS205/JUCE/modules",
					"/Users/rochelle/MUS205/JUCE/modules/juce_audio_plugin_client",
					"$(inherited)",
				);
				INFOPLIST_FILE = Info-AUv3_AppExtension.plist;
				INFOPLIST_PREPROCESS = NO;
				LLVM_LTO = YES;
				MACOSX_DEPLOYMENT_TARGET = 10.11;
				MTL_HEADER_SEARCH_PATHS = "/Users/rochelle/MUS205/JUCE/modules/juce_audio_processors/format_types/VST3_SDK $(SRCROOT)/../../JuceLibraryCode /Users/rochelle/MUS205/JUCE/modules /Users/rochelle/MUS205/JUCE/modules/juce_audio_plugin_client";
				OTHER_LDFLAGS = "-lNewProject";
				PRODUCT_BUNDLE_IDENTIFIER = com.yourcompany.clarinetPlugin.clarinetPluginAUv3;
				PRODUCT_NAME = "NewProject";
				USE_HEADERMAP = NO;
				VALID_ARCHS = "i386 x86_64 arm64 arm64e";
			};
			name = Release;
		};
		78F7906B8D880421426EC809 /* Release */ = {
			isa = XCBuildConfiguration;
			buildSettings = {
				ALWAYS_SEARCH_USER_PATHS = NO;
				CLANG_ENABLE_OBJC_WEAK = YES;
				CLANG_WARN_BLOCK_CAPTURE_AUTORELEASING = YES;
				CLANG_WARN_BOOL_CONVERSION = YES;
				CLANG_WARN_COMMA = YES;
				CLANG_WARN_CONSTANT_CONVERSION = YES;
				CLANG_WARN_DEPRECATED_OBJC_IMPLEMENTATIONS = YES;
				CLANG_WARN_EMPTY_BODY = YES;
				CLANG_WARN_ENUM_CONVERSION = YES;
				CLANG_WARN_INFINITE_RECURSION = YES;
				CLANG_WARN_INT_CONVERSION = YES;
				CLANG_WARN_NON_LITERAL_NULL_CONVERSION = YES;
				CLANG_WARN_OBJC_IMPLICIT_RETAIN_SELF = YES;
				CLANG_WARN_OBJC_LITERAL_CONVERSION = YES;
				CLANG_WARN_RANGE_LOOP_ANALYSIS = YES;
				CLANG_WARN_STRICT_PROTOTYPES = YES;
				CLANG_WARN_SUSPICIOUS_MOVE = YES;
				CLANG_WARN_UNREACHABLE_CODE = YES;
				CLANG_WARN__DUPLICATE_METHOD_MATCH = YES;
				CODE_SIGN_IDENTITY = "";
				DEBUG_INFORMATION_FORMAT = dwarf;
				ENABLE_STRICT_OBJC_MSGSEND = YES;
				ENABLE_TESTABILITY = NO;
				GCC_C_LANGUAGE_STANDARD = c11;
				GCC_INLINES_ARE_PRIVATE_EXTERN = YES;
				GCC_MODEL_TUNING = G5;
				GCC_NO_COMMON_BLOCKS = YES;
				GCC_SYMBOLS_PRIVATE_EXTERN = YES;
				GCC_WARN_64_TO_32_BIT_CONVERSION = YES;
				GCC_WARN_ABOUT_RETURN_TYPE = YES;
				GCC_WARN_CHECK_SWITCH_STATEMENTS = YES;
				GCC_WARN_MISSING_PARENTHESES = YES;
				GCC_WARN_NON_VIRTUAL_DESTRUCTOR = YES;
				GCC_WARN_TYPECHECK_CALLS_TO_PRINTF = YES;
				GCC_WARN_UNDECLARED_SELECTOR = YES;
				GCC_WARN_UNINITIALIZED_AUTOS = YES;
				GCC_WARN_UNUSED_FUNCTION = YES;
				GCC_WARN_UNUSED_VARIABLE = YES;
				PRODUCT_NAME = "NewProject";
				SDKROOT = macosx;
				WARNING_CFLAGS = "-Wreorder";
				ZERO_LINK = NO;
			};
			name = Release;
		};
		A914E0E8A198D4B7A2F4D667 /* Release */ = {
			isa = XCBuildConfiguration;
			buildSettings = {
				CLANG_CXX_LANGUAGE_STANDARD = "c++14";
				CLANG_CXX_LIBRARY = "libc++";
				CLANG_LINK_OBJC_RUNTIME = NO;
				CODE_SIGN_IDENTITY = "";
				COMBINE_HIDPI_IMAGES = YES;
				CONFIGURATION_BUILD_DIR = "$(PROJECT_DIR)/build/$(CONFIGURATION)";
				DEAD_CODE_STRIPPING = YES;
				EXCLUDED_ARCHS = "";
				GCC_GENERATE_DEBUGGING_SYMBOLS = NO;
				GCC_OPTIMIZATION_LEVEL = 3;
				GCC_PREPROCESSOR_DEFINITIONS = (
					"_NDEBUG=1",
					"NDEBUG=1",
					"JUCER_XCODE_MAC_F6D2F4CF=1",
					"JUCE_APP_VERSION=1.0.0",
					"JUCE_APP_VERSION_HEX=0x10000",
					"JucePlugin_Build_VST=0",
					"JucePlugin_Build_VST3=1",
					"JucePlugin_Build_AU=1",
					"JucePlugin_Build_AUv3=1",
					"JucePlugin_Build_RTAS=0",
					"JucePlugin_Build_AAX=0",
					"JucePlugin_Build_Standalone=0",
					"JucePlugin_Build_Unity=0",
					"JUCE_SHARED_CODE=1",
				);
				GCC_VERSION = com.apple.compilers.llvm.clang.1_0;
				HEADER_SEARCH_PATHS = (
					"/Users/rochelle/MUS205/JUCE/modules/juce_audio_processors/format_types/VST3_SDK",
					"$(SRCROOT)/../../JuceLibraryCode",
					"/Users/rochelle/MUS205/JUCE/modules",
					"/Users/rochelle/MUS205/JUCE/modules/juce_audio_plugin_client",
					"$(inherited)",
				);
				INSTALL_PATH = "@executable_path/../Frameworks";
				LLVM_LTO = YES;
				MACOSX_DEPLOYMENT_TARGET = 10.11;
				MTL_HEADER_SEARCH_PATHS = "/Users/rochelle/MUS205/JUCE/modules/juce_audio_processors/format_types/VST3_SDK $(SRCROOT)/../../JuceLibraryCode /Users/rochelle/MUS205/JUCE/modules /Users/rochelle/MUS205/JUCE/modules/juce_audio_plugin_client";
				PRODUCT_BUNDLE_IDENTIFIER = com.yourcompany.clarinetPlugin;
				PRODUCT_NAME = "NewProject";
				SKIP_INSTALL = YES;
				USE_HEADERMAP = NO;
				VALID_ARCHS = "i386 x86_64 arm64 arm64e";
			};
			name = Release;
		};
		AB21C8B8FC94813DC8729557 /* Debug */ = {
			isa = XCBuildConfiguration;
			buildSettings = {
				CLANG_CXX_LANGUAGE_STANDARD = "c++14";
				CLANG_CXX_LIBRARY = "libc++";
				CLANG_LINK_OBJC_RUNTIME = NO;
				CODE_SIGN_IDENTITY = "";
				COMBINE_HIDPI_IMAGES = YES;
				CONFIGURATION_BUILD_DIR = "$(PROJECT_DIR)/build/$(CONFIGURATION)";
				COPY_PHASE_STRIP = NO;
				DEPLOYMENT_LOCATION = YES;
				DSTROOT = /;
				EXCLUDED_ARCHS = "";
				GCC_DYNAMIC_NO_PIC = NO;
				GCC_OPTIMIZATION_LEVEL = 0;
				GCC_PREPROCESSOR_DEFINITIONS = (
					"_DEBUG=1",
					"DEBUG=1",
					"JUCER_XCODE_MAC_F6D2F4CF=1",
					"JUCE_APP_VERSION=1.0.0",
					"JUCE_APP_VERSION_HEX=0x10000",
					"JucePlugin_Build_VST=0",
					"JucePlugin_Build_VST3=1",
					"JucePlugin_Build_AU=0",
					"JucePlugin_Build_AUv3=0",
					"JucePlugin_Build_RTAS=0",
					"JucePlugin_Build_AAX=0",
					"JucePlugin_Build_Standalone=0",
					"JucePlugin_Build_Unity=0",
				);
				GCC_VERSION = com.apple.compilers.llvm.clang.1_0;
				GENERATE_PKGINFO_FILE = YES;
				HEADER_SEARCH_PATHS = (
					"/Users/rochelle/MUS205/JUCE/modules/juce_audio_processors/format_types/VST3_SDK",
					"$(SRCROOT)/../../JuceLibraryCode",
					"/Users/rochelle/MUS205/JUCE/modules",
					"/Users/rochelle/MUS205/JUCE/modules/juce_audio_plugin_client",
					"$(inherited)",
				);
				INFOPLIST_FILE = Info-VST3.plist;
				INFOPLIST_PREPROCESS = NO;
				INSTALL_PATH = "$(HOME)/Library/Audio/Plug-Ins/VST3/";
				LIBRARY_STYLE = Bundle;
				MACOSX_DEPLOYMENT_TARGET = 10.11;
				MTL_HEADER_SEARCH_PATHS = "/Users/rochelle/MUS205/JUCE/modules/juce_audio_processors/format_types/VST3_SDK $(SRCROOT)/../../JuceLibraryCode /Users/rochelle/MUS205/JUCE/modules /Users/rochelle/MUS205/JUCE/modules/juce_audio_plugin_client";
				OTHER_LDFLAGS = "-bundle -lNewProject";
				PRODUCT_BUNDLE_IDENTIFIER = com.yourcompany.clarinetPlugin;
				PRODUCT_NAME = "NewProject";
				USE_HEADERMAP = NO;
				VALID_ARCHS = "i386 x86_64 arm64 arm64e";
				WRAPPER_EXTENSION = vst3;
			};
			name = Debug;
		};
		C395A3DF61429442C66D1B78 /* Debug */ = {
			isa = XCBuildConfiguration;
			buildSettings = {
				CLANG_CXX_LANGUAGE_STANDARD = "c++14";
				CLANG_CXX_LIBRARY = "libc++";
				CLANG_LINK_OBJC_RUNTIME = NO;
				CODE_SIGN_IDENTITY = "";
				COMBINE_HIDPI_IMAGES = YES;
				CONFIGURATION_BUILD_DIR = "$(PROJECT_DIR)/build/$(CONFIGURATION)";
				COPY_PHASE_STRIP = NO;
				DEPLOYMENT_LOCATION = YES;
				DSTROOT = /;
				EXCLUDED_ARCHS = "";
				GCC_DYNAMIC_NO_PIC = NO;
				GCC_OPTIMIZATION_LEVEL = 0;
				GCC_PREPROCESSOR_DEFINITIONS = (
					"_DEBUG=1",
					"DEBUG=1",
					"JUCER_XCODE_MAC_F6D2F4CF=1",
					"JUCE_APP_VERSION=1.0.0",
					"JUCE_APP_VERSION_HEX=0x10000",
					"JucePlugin_Build_VST=0",
					"JucePlugin_Build_VST3=0",
					"JucePlugin_Build_AU=1",
					"JucePlugin_Build_AUv3=0",
					"JucePlugin_Build_RTAS=0",
					"JucePlugin_Build_AAX=0",
					"JucePlugin_Build_Standalone=0",
					"JucePlugin_Build_Unity=0",
				);
				GCC_VERSION = com.apple.compilers.llvm.clang.1_0;
				GENERATE_PKGINFO_FILE = YES;
				HEADER_SEARCH_PATHS = (
					"/Users/rochelle/MUS205/JUCE/modules/juce_audio_processors/format_types/VST3_SDK",
					"$(SRCROOT)/../../JuceLibraryCode",
					"/Users/rochelle/MUS205/JUCE/modules",
					"/Users/rochelle/MUS205/JUCE/modules/juce_audio_plugin_client",
					"$(inherited)",
				);
				INFOPLIST_FILE = Info-AU.plist;
				INFOPLIST_PREPROCESS = NO;
				INSTALL_PATH = "$(HOME)/Library/Audio/Plug-Ins/Components/";
				LIBRARY_STYLE = Bundle;
				MACOSX_DEPLOYMENT_TARGET = 10.11;
				MTL_HEADER_SEARCH_PATHS = "/Users/rochelle/MUS205/JUCE/modules/juce_audio_processors/format_types/VST3_SDK $(SRCROOT)/../../JuceLibraryCode /Users/rochelle/MUS205/JUCE/modules /Users/rochelle/MUS205/JUCE/modules/juce_audio_plugin_client";
				OTHER_LDFLAGS = "-bundle -lNewProject";
				OTHER_REZFLAGS = "-d ppc_$ppc -d i386_$i386 -d ppc64_$ppc64 -d x86_64_$x86_64 -d arm64_$arm64 -I /System/Library/Frameworks/CoreServices.framework/Frameworks/CarbonCore.framework/Versions/A/Headers -I \"$(DEVELOPER_DIR)/Extras/CoreAudio/AudioUnits/AUPublic/AUBase\" -I \"$(DEVELOPER_DIR)/Platforms/MacOSX.platform/Developer/SDKs/MacOSX.sdk/System/Library/Frameworks/AudioUnit.framework/Headers\"";
				PRODUCT_BUNDLE_IDENTIFIER = com.yourcompany.clarinetPlugin;
				PRODUCT_NAME = "NewProject";
				USE_HEADERMAP = NO;
				VALID_ARCHS = "i386 x86_64 arm64 arm64e";
				WRAPPER_EXTENSION = component;
			};
			name = Debug;
		};
		DD353DA6A7EE185052D705A7 /* Release */ = {
			isa = XCBuildConfiguration;
			buildSettings = {
				CLANG_CXX_LANGUAGE_STANDARD = "c++14";
				CLANG_CXX_LIBRARY = "libc++";
				CLANG_LINK_OBJC_RUNTIME = NO;
				CODE_SIGN_IDENTITY = "";
				COMBINE_HIDPI_IMAGES = YES;
				CONFIGURATION_BUILD_DIR = "$(PROJECT_DIR)/build/$(CONFIGURATION)";
				DEAD_CODE_STRIPPING = YES;
				DEPLOYMENT_LOCATION = YES;
				DSTROOT = /;
				EXCLUDED_ARCHS = "";
				GCC_GENERATE_DEBUGGING_SYMBOLS = NO;
				GCC_OPTIMIZATION_LEVEL = 3;
				GCC_PREPROCESSOR_DEFINITIONS = (
					"_NDEBUG=1",
					"NDEBUG=1",
					"JUCER_XCODE_MAC_F6D2F4CF=1",
					"JUCE_APP_VERSION=1.0.0",
					"JUCE_APP_VERSION_HEX=0x10000",
					"JucePlugin_Build_VST=0",
					"JucePlugin_Build_VST3=1",
					"JucePlugin_Build_AU=0",
					"JucePlugin_Build_AUv3=0",
					"JucePlugin_Build_RTAS=0",
					"JucePlugin_Build_AAX=0",
					"JucePlugin_Build_Standalone=0",
					"JucePlugin_Build_Unity=0",
				);
				GCC_VERSION = com.apple.compilers.llvm.clang.1_0;
				GENERATE_PKGINFO_FILE = YES;
				HEADER_SEARCH_PATHS = (
					"/Users/rochelle/MUS205/JUCE/modules/juce_audio_processors/format_types/VST3_SDK",
					"$(SRCROOT)/../../JuceLibraryCode",
					"/Users/rochelle/MUS205/JUCE/modules",
					"/Users/rochelle/MUS205/JUCE/modules/juce_audio_plugin_client",
					"$(inherited)",
				);
				INFOPLIST_FILE = Info-VST3.plist;
				INFOPLIST_PREPROCESS = NO;
				INSTALL_PATH = "$(HOME)/Library/Audio/Plug-Ins/VST3/";
				LIBRARY_STYLE = Bundle;
				LLVM_LTO = YES;
				MACOSX_DEPLOYMENT_TARGET = 10.11;
				MTL_HEADER_SEARCH_PATHS = "/Users/rochelle/MUS205/JUCE/modules/juce_audio_processors/format_types/VST3_SDK $(SRCROOT)/../../JuceLibraryCode /Users/rochelle/MUS205/JUCE/modules /Users/rochelle/MUS205/JUCE/modules/juce_audio_plugin_client";
				OTHER_LDFLAGS = "-bundle -lNewProject";
				PRODUCT_BUNDLE_IDENTIFIER = com.yourcompany.clarinetPlugin;
				PRODUCT_NAME = "NewProject";
				USE_HEADERMAP = NO;
				VALID_ARCHS = "i386 x86_64 arm64 arm64e";
				WRAPPER_EXTENSION = vst3;
			};
			name = Release;
		};
		E3C21CEFFE25ACCCD866D62B /* Debug */ = {
			isa = XCBuildConfiguration;
			buildSettings = {
				CLANG_CXX_LANGUAGE_STANDARD = "c++14";
				CLANG_CXX_LIBRARY = "libc++";
				CLANG_LINK_OBJC_RUNTIME = NO;
				CODE_SIGN_IDENTITY = "";
				COMBINE_HIDPI_IMAGES = YES;
				CONFIGURATION_BUILD_DIR = "$(PROJECT_DIR)/build/$(CONFIGURATION)";
				COPY_PHASE_STRIP = NO;
				EXCLUDED_ARCHS = "";
				GCC_DYNAMIC_NO_PIC = NO;
				GCC_OPTIMIZATION_LEVEL = 0;
				GCC_PREPROCESSOR_DEFINITIONS = (
					"_DEBUG=1",
					"DEBUG=1",
					"JUCER_XCODE_MAC_F6D2F4CF=1",
					"JUCE_APP_VERSION=1.0.0",
					"JUCE_APP_VERSION_HEX=0x10000",
					"JucePlugin_Build_VST=0",
					"JucePlugin_Build_VST3=1",
					"JucePlugin_Build_AU=1",
					"JucePlugin_Build_AUv3=1",
					"JucePlugin_Build_RTAS=0",
					"JucePlugin_Build_AAX=0",
					"JucePlugin_Build_Standalone=0",
					"JucePlugin_Build_Unity=0",
					"JUCE_SHARED_CODE=1",
				);
				GCC_VERSION = com.apple.compilers.llvm.clang.1_0;
				HEADER_SEARCH_PATHS = (
					"/Users/rochelle/MUS205/JUCE/modules/juce_audio_processors/format_types/VST3_SDK",
					"$(SRCROOT)/../../JuceLibraryCode",
					"/Users/rochelle/MUS205/JUCE/modules",
					"/Users/rochelle/MUS205/JUCE/modules/juce_audio_plugin_client",
					"$(inherited)",
				);
				INSTALL_PATH = "@executable_path/../Frameworks";
				MACOSX_DEPLOYMENT_TARGET = 10.11;
				MTL_HEADER_SEARCH_PATHS = "/Users/rochelle/MUS205/JUCE/modules/juce_audio_processors/format_types/VST3_SDK $(SRCROOT)/../../JuceLibraryCode /Users/rochelle/MUS205/JUCE/modules /Users/rochelle/MUS205/JUCE/modules/juce_audio_plugin_client";
				PRODUCT_BUNDLE_IDENTIFIER = com.yourcompany.clarinetPlugin;
				PRODUCT_NAME = "NewProject";
				SKIP_INSTALL = YES;
				USE_HEADERMAP = NO;
				VALID_ARCHS = "i386 x86_64 arm64 arm64e";
			};
			name = Debug;
		};
/* End XCBuildConfiguration section */

/* Begin XCConfigurationList section */
		81B1838BB2E3B2E14C1EBA8E = {
			isa = XCConfigurationList;
			buildConfigurations = (
				50D0A05C0F99C4B6AE9B6A39,
				7267BABD9814290AC9BE259C,
			);
			defaultConfigurationIsVisible = 0;
			defaultConfigurationName = Debug;
		};
		A57795B4566F2321B1354C44 = {
			isa = XCConfigurationList;
			buildConfigurations = (
				10F505280E05962BFE774C3D,
				59A60F40E099320B157EFE15,
			);
			defaultConfigurationIsVisible = 0;
			defaultConfigurationName = Debug;
		};
		B1C01F7432A21C81A0B5CDDD = {
			isa = XCConfigurationList;
			buildConfigurations = (
				E3C21CEFFE25ACCCD866D62B,
				A914E0E8A198D4B7A2F4D667,
			);
			defaultConfigurationIsVisible = 0;
			defaultConfigurationName = Debug;
		};
		D1D0BBE2CA6FD4A4D9FD2B29 = {
			isa = XCConfigurationList;
			buildConfigurations = (
				C395A3DF61429442C66D1B78,
				0C8307DCBD16A8BB813AC9D5,
			);
			defaultConfigurationIsVisible = 0;
			defaultConfigurationName = Debug;
		};
		DB09F5EF8527A61D6B982AA7 = {
			isa = XCConfigurationList;
			buildConfigurations = (
				45CC232CC8ACA160BC63AB48,
				78F7906B8D880421426EC809,
			);
			defaultConfigurationIsVisible = 0;
			defaultConfigurationName = Debug;
		};
		F93A9DBDB4879AE59BD6C4D2 = {
			isa = XCConfigurationList;
			buildConfigurations = (
				AB21C8B8FC94813DC8729557,
				DD353DA6A7EE185052D705A7,
			);
			defaultConfigurationIsVisible = 0;
			defaultConfigurationName = Debug;
		};
/* End XCConfigurationList section */
	};
	rootObject = 3B009BA44357B590BC45C079 /* Project object */;
}
